{
    "_meta": {
        "hash": {
            "sha256": "171eb28eda2dec0c070fda3bbf13950aaa67a38a8ecc5538189edd190f3033e1"
        },
        "pipfile-spec": 6,
        "requires": {
            "python_version": "3.11"
        },
        "sources": [
            {
                "name": "pypi",
                "url": "https://pypi.org/simple",
                "verify_ssl": true
            }
        ]
    },
    "default": {
        "autopep8": {
            "hashes": [
                "sha256:86e9303b5e5c8160872b2f5ef611161b2893e9bfe8ccc7e2f76385947d57a2f1",
                "sha256:f9849cdd62108cb739dbcdbfb7fdcc9a30d1b63c4cc3e1c1f893b5360941b61c"
            ],
            "index": "pypi",
            "version": "==2.0.2"
        },
        "certifi": {
            "hashes": [
                "sha256:35824b4c3a97115964b408844d64aa14db1cc518f6562e8d7261699d1350a9e3",
                "sha256:4ad3232f5e926d6718ec31cfc1fcadfde020920e278684144551c91769c7bc18"
            ],
            "markers": "python_version >= '3.6'",
            "version": "==2022.12.7"
        },
        "distlib": {
            "hashes": [
                "sha256:14bad2d9b04d3a36127ac97f30b12a19268f211063d8f8ee4f47108896e11b46",
                "sha256:f35c4b692542ca110de7ef0bea44d73981caeb34ca0b9b6b2e6d7790dda8f80e"
            ],
            "version": "==0.3.6"
        },
        "docopt-ng": {
            "hashes": [
                "sha256:ea16004a8b6dd703ac9d8d2a432c5b5e793d7a946f1134a05859e298a7af53bb",
                "sha256:ea6a61a288fc864eee6b22d6fe28aa202d59fc86fad05f16ff5e39cc4ea7f6e3"
            ],
            "index": "pypi",
            "version": "==0.8.1"
        },
        "filelock": {
            "hashes": [
                "sha256:3199fd0d3faea8b911be52b663dfccceb84c95949dd13179aa21436d1a79c4ce",
                "sha256:e90b34656470756edf8b19656785c5fea73afa1953f3e1b0d645cef11cab3182"
            ],
            "markers": "python_version >= '3.7'",
            "version": "==3.10.0"
        },
        "pipenv": {
            "hashes": [
                "sha256:4e45226d197ad84fa11a9d944cb0e1bfcc197919944d0af96e55adf7e1fdc76c",
                "sha256:ecbe4e301616c5fa3128d557507d79a35d895cd922139969929d7357b66b1509"
            ],
            "index": "pypi",
            "version": "==2023.2.18"
        },
        "platformdirs": {
            "hashes": [
                "sha256:024996549ee88ec1a9aa99ff7f8fc819bb59e2c3477b410d90a16d32d6e707aa",
                "sha256:e5986afb596e4bb5bde29a79ac9061aa955b94fca2399b7aaac4090860920dd8"
            ],
            "markers": "python_version >= '3.7'",
            "version": "==3.1.1"
        },
        "pycodestyle": {
            "hashes": [
                "sha256:347187bdb476329d98f695c213d7295a846d1152ff4fe9bacb8a9590b8ee7053",
                "sha256:8a4eaf0d0495c7395bdab3589ac2db602797d76207242c17d470186815706610"
            ],
            "markers": "python_version >= '3.6'",
            "version": "==2.10.0"
        },
        "setuptools": {
            "hashes": [
                "sha256:2ee892cd5f29f3373097f5a814697e397cf3ce313616df0af11231e2ad118077",
                "sha256:b78aaa36f6b90a074c1fa651168723acbf45d14cb1196b6f02c0fd07f17623b2"
            ],
            "markers": "python_version >= '3.7'",
            "version": "==67.6.0"
        },
        "virtualenv": {
            "hashes": [
                "sha256:31712f8f2a17bd06234fa97fdf19609e789dd4e3e4bf108c3da71d710651adbc",
                "sha256:f50e3e60f990a0757c9b68333c9fdaa72d7188caa417f96af9e52407831a3b68"
            ],
            "markers": "python_version >= '3.7'",
            "version": "==20.21.0"
        },
        "virtualenv-clone": {
            "hashes": [
                "sha256:418ee935c36152f8f153c79824bb93eaf6f0f7984bae31d3f48f350b9183501a",
                "sha256:44d5263bceed0bac3e1424d64f798095233b64def1c5689afa43dc3223caf5b0"
            ],
            "markers": "python_version >= '2.7' and python_version not in '3.0, 3.1, 3.2, 3.3'",
            "version": "==0.5.7"
        },
        "xmlrunner": {
            "hashes": [
                "sha256:5a6113d049eca7646111ee657266966e5bbfb0b5ceb2e83ee0772e16d7110f39"
            ],
            "index": "pypi",
            "version": "==1.7.7"
        }
    },
    "develop": {}
}
